
Microsoft Visual Studio Solution File, Format Version 12.00
# Visual Studio Version 17
VisualStudioVersion = 17.9.34902.65
MinimumVisualStudioVersion = 10.0.40219.1
Project("{FAE04EC0-301F-11D3-BF4B-00C04F79EFBC}") = "EnLaunch", "EnLaunch.csproj", "{3A3AC3A0-4527-475B-8629-FCDA02C62B8C}"
EndProject
Global
	GlobalSection(SolutionConfigurationPlatforms) = preSolution
		Debug|Any CPU = Debug|Any CPU
		Release|Any CPU = Release|Any CPU
	EndGlobalSection
	GlobalSection(ProjectConfigurationPlatforms) = postSolution
		{3A3AC3A0-4527-475B-8629-FCDA02C62B8C}.Debug|Any CPU.ActiveCfg = Debug|Any CPU
		{3A3AC3A0-4527-475B-8629-FCDA02C62B8C}.Debug|Any CPU.Build.0 = Debug|Any CPU
		{3A3AC3A0-4527-475B-8629-FCDA02C62B8C}.Release|Any CPU.ActiveCfg = Release|Any CPU
		{3A3AC3A0-4527-475B-8629-FCDA02C62B8C}.Release|Any CPU.Build.0 = Release|Any CPU
	EndGlobalSection
	GlobalSection(SolutionProperties) = preSolution
		HideSolutionNode = FALSE
	EndGlobalSection
	GlobalSection(ExtensibilityGlobals) = postSolution
		SolutionGuid = {84AB83CD-30B6-4AC3-AA37-9911B67D5C0C}
	EndGlobalSection
EndGlobal
